
Microsoft Visual Studio Solution File, Format Version 12.00
# Visual Studio 15
VisualStudioVersion = 15.0.27703.2042
MinimumVisualStudioVersion = 10.0.40219.1
Project("{FAE04EC0-301F-11D3-BF4B-00C04F79EFBC}") = "RealSalt", "RealSalt\RealSalt.csproj", "{3E06F6B2-A29B-4FB2-96F7-0A71628FECF8}"
EndProject
Project("{FAE04EC0-301F-11D3-BF4B-00C04F79EFBC}") = "ChromiumConsole", "ChromiumConsole\ChromiumConsole.csproj", "{CD496052-D49C-49A9-A633-19118CC76E8C}"
EndProject
Project("{FAE04EC0-301F-11D3-BF4B-00C04F79EFBC}") = "ChatParser", "ChatParser\ChatParser.csproj", "{AA0AB911-B4E5-473D-A626-14622B46534B}"
EndProject
Global
	GlobalSection(SolutionConfigurationPlatforms) = preSolution
		Debug|Any CPU = Debug|Any CPU
		Debug|x64 = Debug|x64
		Release|Any CPU = Release|Any CPU
		Release|x64 = Release|x64
	EndGlobalSection
	GlobalSection(ProjectConfigurationPlatforms) = postSolution
		{3E06F6B2-A29B-4FB2-96F7-0A71628FECF8}.Debug|Any CPU.ActiveCfg = Debug|Any CPU
		{3E06F6B2-A29B-4FB2-96F7-0A71628FECF8}.Debug|Any CPU.Build.0 = Debug|Any CPU
		{3E06F6B2-A29B-4FB2-96F7-0A71628FECF8}.Debug|x64.ActiveCfg = Debug|Any CPU
		{3E06F6B2-A29B-4FB2-96F7-0A71628FECF8}.Debug|x64.Build.0 = Debug|Any CPU
		{3E06F6B2-A29B-4FB2-96F7-0A71628FECF8}.Release|Any CPU.ActiveCfg = Release|Any CPU
		{3E06F6B2-A29B-4FB2-96F7-0A71628FECF8}.Release|Any CPU.Build.0 = Release|Any CPU
		{3E06F6B2-A29B-4FB2-96F7-0A71628FECF8}.Release|x64.ActiveCfg = Release|Any CPU
		{3E06F6B2-A29B-4FB2-96F7-0A71628FECF8}.Release|x64.Build.0 = Release|Any CPU
		{CD496052-D49C-49A9-A633-19118CC76E8C}.Debug|Any CPU.ActiveCfg = Debug|Any CPU
		{CD496052-D49C-49A9-A633-19118CC76E8C}.Debug|Any CPU.Build.0 = Debug|Any CPU
		{CD496052-D49C-49A9-A633-19118CC76E8C}.Debug|x64.ActiveCfg = Debug|x64
		{CD496052-D49C-49A9-A633-19118CC76E8C}.Debug|x64.Build.0 = Debug|x64
		{CD496052-D49C-49A9-A633-19118CC76E8C}.Release|Any CPU.ActiveCfg = Release|Any CPU
		{CD496052-D49C-49A9-A633-19118CC76E8C}.Release|Any CPU.Build.0 = Release|Any CPU
		{CD496052-D49C-49A9-A633-19118CC76E8C}.Release|x64.ActiveCfg = Release|x64
		{CD496052-D49C-49A9-A633-19118CC76E8C}.Release|x64.Build.0 = Release|x64
		{AA0AB911-B4E5-473D-A626-14622B46534B}.Debug|Any CPU.ActiveCfg = Debug|Any CPU
		{AA0AB911-B4E5-473D-A626-14622B46534B}.Debug|Any CPU.Build.0 = Debug|Any CPU
		{AA0AB911-B4E5-473D-A626-14622B46534B}.Debug|x64.ActiveCfg = Debug|Any CPU
		{AA0AB911-B4E5-473D-A626-14622B46534B}.Debug|x64.Build.0 = Debug|Any CPU
		{AA0AB911-B4E5-473D-A626-14622B46534B}.Release|Any CPU.ActiveCfg = Release|Any CPU
		{AA0AB911-B4E5-473D-A626-14622B46534B}.Release|Any CPU.Build.0 = Release|Any CPU
		{AA0AB911-B4E5-473D-A626-14622B46534B}.Release|x64.ActiveCfg = Release|Any CPU
		{AA0AB911-B4E5-473D-A626-14622B46534B}.Release|x64.Build.0 = Release|Any CPU
	EndGlobalSection
	GlobalSection(SolutionProperties) = preSolution
		HideSolutionNode = FALSE
	EndGlobalSection
	GlobalSection(ExtensibilityGlobals) = postSolution
		SolutionGuid = {9555A01C-3E3B-4C9E-AFA9-76B00A3730FC}
	EndGlobalSection
EndGlobal
